// !$*UTF8*$!
{
	archiveVersion = 1;
	classes = {
	};
	objectVersion = 50;
	objects = {

/* Begin PBXBuildFile section */
		37273657223E3E0C003483FD /* PopUp.storyboard in Resources */ = {isa = PBXBuildFile; fileRef = 37273656223E3E0C003483FD /* PopUp.storyboard */; };
		3727365A223E45A0003483FD /* AddConsommationPopUp.swift in Sources */ = {isa = PBXBuildFile; fileRef = 37273659223E45A0003483FD /* AddConsommationPopUp.swift */; };
		3727365C223E5031003483FD /* Constants.swift in Sources */ = {isa = PBXBuildFile; fileRef = 3727365B223E5031003483FD /* Constants.swift */; };
		3727365E223E7BEE003483FD /* CustomPopUp.swift in Sources */ = {isa = PBXBuildFile; fileRef = 3727365D223E7BEE003483FD /* CustomPopUp.swift */; };
		37273660223EBF62003483FD /* CustomButton.swift in Sources */ = {isa = PBXBuildFile; fileRef = 3727365F223EBF62003483FD /* CustomButton.swift */; };
		3762F6D92237E39D000CED15 /* AppDelegate.swift in Sources */ = {isa = PBXBuildFile; fileRef = 3762F6D82237E39D000CED15 /* AppDelegate.swift */; };
		3762F6DE2237E39D000CED15 /* Main.storyboard in Resources */ = {isa = PBXBuildFile; fileRef = 3762F6DC2237E39D000CED15 /* Main.storyboard */; };
		3762F6E02237E39E000CED15 /* Assets.xcassets in Resources */ = {isa = PBXBuildFile; fileRef = 3762F6DF2237E39E000CED15 /* Assets.xcassets */; };
		3762F6E32237E39E000CED15 /* LaunchScreen.storyboard in Resources */ = {isa = PBXBuildFile; fileRef = 3762F6E12237E39E000CED15 /* LaunchScreen.storyboard */; };
		3762F6FD2237E9E7000CED15 /* OpenFoodFactService.swift in Sources */ = {isa = PBXBuildFile; fileRef = 3762F6FC2237E9E7000CED15 /* OpenFoodFactService.swift */; };
		3762F6FF2237EE4B000CED15 /* OpenFoodFactDecodable.swift in Sources */ = {isa = PBXBuildFile; fileRef = 3762F6FE2237EE4B000CED15 /* OpenFoodFactDecodable.swift */; };
		3762F70322380906000CED15 /* CameraController.swift in Sources */ = {isa = PBXBuildFile; fileRef = 3762F70222380906000CED15 /* CameraController.swift */; };
		3762F7082238401E000CED15 /* KcalEaten.xcdatamodeld in Sources */ = {isa = PBXBuildFile; fileRef = 3762F7062238401E000CED15 /* KcalEaten.xcdatamodeld */; };
		3762F70A223841DC000CED15 /* ProductObject.swift in Sources */ = {isa = PBXBuildFile; fileRef = 3762F709223841DC000CED15 /* ProductObject.swift */; };
		3762F70C2238ECC3000CED15 /* OpenFoodFactServiceTest.swift in Sources */ = {isa = PBXBuildFile; fileRef = 3762F70B2238ECC3000CED15 /* OpenFoodFactServiceTest.swift */; };
		3762F70E2238ED5E000CED15 /* OpenFoodFactBarCodeOK.json in Resources */ = {isa = PBXBuildFile; fileRef = 3762F70D2238ED5E000CED15 /* OpenFoodFactBarCodeOK.json */; };
		3762F7102238ED72000CED15 /* FakeResponseData.swift in Sources */ = {isa = PBXBuildFile; fileRef = 3762F70F2238ED72000CED15 /* FakeResponseData.swift */; };
		3762F7122238EFD8000CED15 /* UrlSessionFake.swift in Sources */ = {isa = PBXBuildFile; fileRef = 3762F7112238EFD8000CED15 /* UrlSessionFake.swift */; };
		3762F7152238FB2C000CED15 /* CustomError.swift in Sources */ = {isa = PBXBuildFile; fileRef = 3762F7142238FB2C000CED15 /* CustomError.swift */; };
		3762F71722390240000CED15 /* OpenFoodFactBarCodeKO.json in Resources */ = {isa = PBXBuildFile; fileRef = 3762F71622390240000CED15 /* OpenFoodFactBarCodeKO.json */; };
		3762F71922396707000CED15 /* Consume.swift in Sources */ = {isa = PBXBuildFile; fileRef = 3762F71822396707000CED15 /* Consume.swift */; };
		376613CF2240CFD900DA35E6 /* ShowProductCollectionController.swift in Sources */ = {isa = PBXBuildFile; fileRef = 376613CE2240CFD900DA35E6 /* ShowProductCollectionController.swift */; };
		376613D12240FFBA00DA35E6 /* Protocols.swift in Sources */ = {isa = PBXBuildFile; fileRef = 376613D02240FFBA00DA35E6 /* Protocols.swift */; };
		376613D32242A10400DA35E6 /* Extensions.swift in Sources */ = {isa = PBXBuildFile; fileRef = 376613D22242A10400DA35E6 /* Extensions.swift */; };
		376613D52242AB3100DA35E6 /* ConsumeCell.swift in Sources */ = {isa = PBXBuildFile; fileRef = 376613D42242AB3100DA35E6 /* ConsumeCell.swift */; };
		376613D72243904C00DA35E6 /* VerticalAligneLabel.swift in Sources */ = {isa = PBXBuildFile; fileRef = 376613D62243904C00DA35E6 /* VerticalAligneLabel.swift */; };
		378DCB95224134D2008C835C /* ConsumeController.swift in Sources */ = {isa = PBXBuildFile; fileRef = 378DCB94224134D2008C835C /* ConsumeController.swift */; };
		378E3DED223A43FA005CB0D6 /* CoreDataHelper.swift in Sources */ = {isa = PBXBuildFile; fileRef = 378E3DEC223A43FA005CB0D6 /* CoreDataHelper.swift */; };
		378E79B1223AE5BC00A41E11 /* CoreDataTest.swift in Sources */ = {isa = PBXBuildFile; fileRef = 378E79B0223AE5BC00A41E11 /* CoreDataTest.swift */; };
		37DA929F223D85C000F3DFED /* BarCodeController.swift in Sources */ = {isa = PBXBuildFile; fileRef = 37DA929E223D85C000F3DFED /* BarCodeController.swift */; };
		37DA92A1223D868E00F3DFED /* ScannerPageController.swift in Sources */ = {isa = PBXBuildFile; fileRef = 37DA92A0223D868E00F3DFED /* ScannerPageController.swift */; };
		37EF2754223FE00E0045CD53 /* ProductLayout.swift in Sources */ = {isa = PBXBuildFile; fileRef = 37EF2753223FE00E0045CD53 /* ProductLayout.swift */; };
		37EF2756223FE90E0045CD53 /* FavoriteController.swift in Sources */ = {isa = PBXBuildFile; fileRef = 37EF2755223FE90E0045CD53 /* FavoriteController.swift */; };
		37EF275A223FF4380045CD53 /* ProductCell.swift in Sources */ = {isa = PBXBuildFile; fileRef = 37EF2759223FF4380045CD53 /* ProductCell.swift */; };
/* End PBXBuildFile section */

/* Begin PBXContainerItemProxy section */
		3762F6EA2237E39F000CED15 /* PBXContainerItemProxy */ = {
			isa = PBXContainerItemProxy;
			containerPortal = 3762F6CD2237E39D000CED15 /* Project object */;
			proxyType = 1;
			remoteGlobalIDString = 3762F6D42237E39D000CED15;
			remoteInfo = KcalEaten;
		};
/* End PBXContainerItemProxy section */

/* Begin PBXFileReference section */
		37273656223E3E0C003483FD /* PopUp.storyboard */ = {isa = PBXFileReference; lastKnownFileType = file.storyboard; path = PopUp.storyboard; sourceTree = "<group>"; };
		37273659223E45A0003483FD /* AddConsommationPopUp.swift */ = {isa = PBXFileReference; lastKnownFileType = sourcecode.swift; path = AddConsommationPopUp.swift; sourceTree = "<group>"; };
		3727365B223E5031003483FD /* Constants.swift */ = {isa = PBXFileReference; lastKnownFileType = sourcecode.swift; path = Constants.swift; sourceTree = "<group>"; };
		3727365D223E7BEE003483FD /* CustomPopUp.swift */ = {isa = PBXFileReference; lastKnownFileType = sourcecode.swift; path = CustomPopUp.swift; sourceTree = "<group>"; };
		3727365F223EBF62003483FD /* CustomButton.swift */ = {isa = PBXFileReference; lastKnownFileType = sourcecode.swift; path = CustomButton.swift; sourceTree = "<group>"; };
		3762F6D52237E39D000CED15 /* KcalEaten.app */ = {isa = PBXFileReference; explicitFileType = wrapper.application; includeInIndex = 0; path = KcalEaten.app; sourceTree = BUILT_PRODUCTS_DIR; };
		3762F6D82237E39D000CED15 /* AppDelegate.swift */ = {isa = PBXFileReference; lastKnownFileType = sourcecode.swift; path = AppDelegate.swift; sourceTree = "<group>"; };
		3762F6DD2237E39D000CED15 /* Base */ = {isa = PBXFileReference; lastKnownFileType = file.storyboard; name = Base; path = Base.lproj/Main.storyboard; sourceTree = "<group>"; };
		3762F6DF2237E39E000CED15 /* Assets.xcassets */ = {isa = PBXFileReference; lastKnownFileType = folder.assetcatalog; path = Assets.xcassets; sourceTree = "<group>"; };
		3762F6E22237E39E000CED15 /* Base */ = {isa = PBXFileReference; lastKnownFileType = file.storyboard; name = Base; path = Base.lproj/LaunchScreen.storyboard; sourceTree = "<group>"; };
		3762F6E42237E39E000CED15 /* Info.plist */ = {isa = PBXFileReference; lastKnownFileType = text.plist.xml; path = Info.plist; sourceTree = "<group>"; };
		3762F6E92237E39F000CED15 /* KcalEatenTests.xctest */ = {isa = PBXFileReference; explicitFileType = wrapper.cfbundle; includeInIndex = 0; path = KcalEatenTests.xctest; sourceTree = BUILT_PRODUCTS_DIR; };
		3762F6EF2237E39F000CED15 /* Info.plist */ = {isa = PBXFileReference; lastKnownFileType = text.plist.xml; path = Info.plist; sourceTree = "<group>"; };
		3762F6FC2237E9E7000CED15 /* OpenFoodFactService.swift */ = {isa = PBXFileReference; lastKnownFileType = sourcecode.swift; path = OpenFoodFactService.swift; sourceTree = "<group>"; };
		3762F6FE2237EE4B000CED15 /* OpenFoodFactDecodable.swift */ = {isa = PBXFileReference; lastKnownFileType = sourcecode.swift; path = OpenFoodFactDecodable.swift; sourceTree = "<group>"; };
		3762F70222380906000CED15 /* CameraController.swift */ = {isa = PBXFileReference; lastKnownFileType = sourcecode.swift; path = CameraController.swift; sourceTree = "<group>"; };
		3762F7072238401E000CED15 /* KcalEaten.xcdatamodel */ = {isa = PBXFileReference; lastKnownFileType = wrapper.xcdatamodel; path = KcalEaten.xcdatamodel; sourceTree = "<group>"; };
		3762F709223841DC000CED15 /* ProductObject.swift */ = {isa = PBXFileReference; lastKnownFileType = sourcecode.swift; path = ProductObject.swift; sourceTree = "<group>"; };
		3762F70B2238ECC3000CED15 /* OpenFoodFactServiceTest.swift */ = {isa = PBXFileReference; lastKnownFileType = sourcecode.swift; path = OpenFoodFactServiceTest.swift; sourceTree = "<group>"; };
		3762F70D2238ED5E000CED15 /* OpenFoodFactBarCodeOK.json */ = {isa = PBXFileReference; lastKnownFileType = text.json; path = OpenFoodFactBarCodeOK.json; sourceTree = "<group>"; };
		3762F70F2238ED72000CED15 /* FakeResponseData.swift */ = {isa = PBXFileReference; lastKnownFileType = sourcecode.swift; path = FakeResponseData.swift; sourceTree = "<group>"; };
		3762F7112238EFD8000CED15 /* UrlSessionFake.swift */ = {isa = PBXFileReference; lastKnownFileType = sourcecode.swift; path = UrlSessionFake.swift; sourceTree = "<group>"; };
		3762F7142238FB2C000CED15 /* CustomError.swift */ = {isa = PBXFileReference; lastKnownFileType = sourcecode.swift; path = CustomError.swift; sourceTree = "<group>"; };
		3762F71622390240000CED15 /* OpenFoodFactBarCodeKO.json */ = {isa = PBXFileReference; lastKnownFileType = text.json; path = OpenFoodFactBarCodeKO.json; sourceTree = "<group>"; };
		3762F71822396707000CED15 /* Consume.swift */ = {isa = PBXFileReference; lastKnownFileType = sourcecode.swift; path = Consume.swift; sourceTree = "<group>"; };
		376613CE2240CFD900DA35E6 /* ShowProductCollectionController.swift */ = {isa = PBXFileReference; lastKnownFileType = sourcecode.swift; path = ShowProductCollectionController.swift; sourceTree = "<group>"; };
		376613D02240FFBA00DA35E6 /* Protocols.swift */ = {isa = PBXFileReference; lastKnownFileType = sourcecode.swift; path = Protocols.swift; sourceTree = "<group>"; };
		376613D22242A10400DA35E6 /* Extensions.swift */ = {isa = PBXFileReference; lastKnownFileType = sourcecode.swift; path = Extensions.swift; sourceTree = "<group>"; };
		376613D42242AB3100DA35E6 /* ConsumeCell.swift */ = {isa = PBXFileReference; lastKnownFileType = sourcecode.swift; path = ConsumeCell.swift; sourceTree = "<group>"; };
		376613D62243904C00DA35E6 /* VerticalAligneLabel.swift */ = {isa = PBXFileReference; lastKnownFileType = sourcecode.swift; path = VerticalAligneLabel.swift; sourceTree = "<group>"; };
		378DCB94224134D2008C835C /* ConsumeController.swift */ = {isa = PBXFileReference; lastKnownFileType = sourcecode.swift; path = ConsumeController.swift; sourceTree = "<group>"; };
		378E3DEC223A43FA005CB0D6 /* CoreDataHelper.swift */ = {isa = PBXFileReference; lastKnownFileType = sourcecode.swift; path = CoreDataHelper.swift; sourceTree = "<group>"; };
		378E79B0223AE5BC00A41E11 /* CoreDataTest.swift */ = {isa = PBXFileReference; lastKnownFileType = sourcecode.swift; path = CoreDataTest.swift; sourceTree = "<group>"; };
		37DA929E223D85C000F3DFED /* BarCodeController.swift */ = {isa = PBXFileReference; lastKnownFileType = sourcecode.swift; path = BarCodeController.swift; sourceTree = "<group>"; };
		37DA92A0223D868E00F3DFED /* ScannerPageController.swift */ = {isa = PBXFileReference; lastKnownFileType = sourcecode.swift; path = ScannerPageController.swift; sourceTree = "<group>"; };
		37EF2753223FE00E0045CD53 /* ProductLayout.swift */ = {isa = PBXFileReference; lastKnownFileType = sourcecode.swift; path = ProductLayout.swift; sourceTree = "<group>"; };
		37EF2755223FE90E0045CD53 /* FavoriteController.swift */ = {isa = PBXFileReference; lastKnownFileType = sourcecode.swift; path = FavoriteController.swift; sourceTree = "<group>"; };
		37EF2759223FF4380045CD53 /* ProductCell.swift */ = {isa = PBXFileReference; lastKnownFileType = sourcecode.swift; path = ProductCell.swift; sourceTree = "<group>"; };
/* End PBXFileReference section */

/* Begin PBXFrameworksBuildPhase section */
		3762F6D22237E39D000CED15 /* Frameworks */ = {
			isa = PBXFrameworksBuildPhase;
			buildActionMask = 2147483647;
			files = (
			);
			runOnlyForDeploymentPostprocessing = 0;
		};
		3762F6E62237E39F000CED15 /* Frameworks */ = {
			isa = PBXFrameworksBuildPhase;
			buildActionMask = 2147483647;
			files = (
			);
			runOnlyForDeploymentPostprocessing = 0;
		};
/* End PBXFrameworksBuildPhase section */

/* Begin PBXGroup section */
		37273658223E455A003483FD /* PopUp */ = {
			isa = PBXGroup;
			children = (
				37273659223E45A0003483FD /* AddConsommationPopUp.swift */,
			);
			path = PopUp;
			sourceTree = "<group>";
		};
		3762F6CC2237E39D000CED15 = {
			isa = PBXGroup;
			children = (
				3762F6D72237E39D000CED15 /* KcalEaten */,
				3762F6EC2237E39F000CED15 /* KcalEatenTests */,
				3762F6D62237E39D000CED15 /* Products */,
			);
			sourceTree = "<group>";
		};
		3762F6D62237E39D000CED15 /* Products */ = {
			isa = PBXGroup;
			children = (
				3762F6D52237E39D000CED15 /* KcalEaten.app */,
				3762F6E92237E39F000CED15 /* KcalEatenTests.xctest */,
			);
			name = Products;
			sourceTree = "<group>";
		};
		3762F6D72237E39D000CED15 /* KcalEaten */ = {
			isa = PBXGroup;
			children = (
				3762F6FA2237E4AD000CED15 /* Model */,
				3762F6F92237E4A7000CED15 /* View */,
				3762F6FB2237E4B2000CED15 /* Controller */,
				3762F6F82237E49C000CED15 /* SupportingFiles */,
			);
			path = KcalEaten;
			sourceTree = "<group>";
		};
		3762F6EC2237E39F000CED15 /* KcalEatenTests */ = {
			isa = PBXGroup;
			children = (
				3762F6EF2237E39F000CED15 /* Info.plist */,
				3762F70B2238ECC3000CED15 /* OpenFoodFactServiceTest.swift */,
				3762F7132238F596000CED15 /* Helpers */,
				378E79B0223AE5BC00A41E11 /* CoreDataTest.swift */,
			);
			path = KcalEatenTests;
			sourceTree = "<group>";
		};
		3762F6F82237E49C000CED15 /* SupportingFiles */ = {
			isa = PBXGroup;
			children = (
				3762F6D82237E39D000CED15 /* AppDelegate.swift */,
				3762F6DF2237E39E000CED15 /* Assets.xcassets */,
				3762F6E42237E39E000CED15 /* Info.plist */,
			);
			path = SupportingFiles;
			sourceTree = "<group>";
		};
		3762F6F92237E4A7000CED15 /* View */ = {
			isa = PBXGroup;
			children = (
				3762F6DC2237E39D000CED15 /* Main.storyboard */,
				37273656223E3E0C003483FD /* PopUp.storyboard */,
				3762F6E12237E39E000CED15 /* LaunchScreen.storyboard */,
				37C781272247BE9C001A643A /* Cell */,
				37C781282247BEC2001A643A /* Custom views */,
			);
			path = View;
			sourceTree = "<group>";
		};
		3762F6FA2237E4AD000CED15 /* Model */ = {
			isa = PBXGroup;
			children = (
				378E79AC2238537400A41E11 /* Services */,
				378E79AD2238537C00A41E11 /* CoreData */,
				3762F7142238FB2C000CED15 /* CustomError.swift */,
				3727365B223E5031003483FD /* Constants.swift */,
				376613D02240FFBA00DA35E6 /* Protocols.swift */,
				376613D22242A10400DA35E6 /* Extensions.swift */,
			);
			path = Model;
			sourceTree = "<group>";
		};
		3762F6FB2237E4B2000CED15 /* Controller */ = {
			isa = PBXGroup;
			children = (
				37273658223E455A003483FD /* PopUp */,
				37DA92A2223D8F8A00F3DFED /* Scanner */,
				37EF2755223FE90E0045CD53 /* FavoriteController.swift */,
				378DCB94224134D2008C835C /* ConsumeController.swift */,
				376613CE2240CFD900DA35E6 /* ShowProductCollectionController.swift */,
			);
			path = Controller;
			sourceTree = "<group>";
		};
		3762F7132238F596000CED15 /* Helpers */ = {
			isa = PBXGroup;
			children = (
				3762F70F2238ED72000CED15 /* FakeResponseData.swift */,
				3762F7112238EFD8000CED15 /* UrlSessionFake.swift */,
				3762F70D2238ED5E000CED15 /* OpenFoodFactBarCodeOK.json */,
				3762F71622390240000CED15 /* OpenFoodFactBarCodeKO.json */,
			);
			path = Helpers;
			sourceTree = "<group>";
		};
		378E79AC2238537400A41E11 /* Services */ = {
			isa = PBXGroup;
			children = (
				3762F6FC2237E9E7000CED15 /* OpenFoodFactService.swift */,
				3762F6FE2237EE4B000CED15 /* OpenFoodFactDecodable.swift */,
			);
			path = Services;
			sourceTree = "<group>";
		};
		378E79AD2238537C00A41E11 /* CoreData */ = {
			isa = PBXGroup;
			children = (
				3762F709223841DC000CED15 /* ProductObject.swift */,
				3762F71822396707000CED15 /* Consume.swift */,
				3762F7062238401E000CED15 /* KcalEaten.xcdatamodeld */,
				378E3DEC223A43FA005CB0D6 /* CoreDataHelper.swift */,
			);
			path = CoreData;
			sourceTree = "<group>";
		};
		37C781272247BE9C001A643A /* Cell */ = {
			isa = PBXGroup;
			children = (
				376613D42242AB3100DA35E6 /* ConsumeCell.swift */,
				37EF2759223FF4380045CD53 /* ProductCell.swift */,
			);
			path = Cell;
			sourceTree = "<group>";
		};
		37C781282247BEC2001A643A /* Custom views */ = {
			isa = PBXGroup;
			children = (
				376613D62243904C00DA35E6 /* VerticalAligneLabel.swift */,
				3727365D223E7BEE003483FD /* CustomPopUp.swift */,
				3727365F223EBF62003483FD /* CustomButton.swift */,
				37EF2753223FE00E0045CD53 /* ProductLayout.swift */,
			);
			path = "Custom views";
			sourceTree = "<group>";
		};
		37DA92A2223D8F8A00F3DFED /* Scanner */ = {
			isa = PBXGroup;
			children = (
				3762F70222380906000CED15 /* CameraController.swift */,
				37DA929E223D85C000F3DFED /* BarCodeController.swift */,
				37DA92A0223D868E00F3DFED /* ScannerPageController.swift */,
			);
			path = Scanner;
			sourceTree = "<group>";
		};
/* End PBXGroup section */

/* Begin PBXNativeTarget section */
		3762F6D42237E39D000CED15 /* KcalEaten */ = {
			isa = PBXNativeTarget;
			buildConfigurationList = 3762F6F22237E39F000CED15 /* Build configuration list for PBXNativeTarget "KcalEaten" */;
			buildPhases = (
				3762F6D12237E39D000CED15 /* Sources */,
				3762F6D22237E39D000CED15 /* Frameworks */,
				3762F6D32237E39D000CED15 /* Resources */,
			);
			buildRules = (
			);
			dependencies = (
			);
			name = KcalEaten;
			productName = KcalEaten;
			productReference = 3762F6D52237E39D000CED15 /* KcalEaten.app */;
			productType = "com.apple.product-type.application";
		};
		3762F6E82237E39F000CED15 /* KcalEatenTests */ = {
			isa = PBXNativeTarget;
			buildConfigurationList = 3762F6F52237E39F000CED15 /* Build configuration list for PBXNativeTarget "KcalEatenTests" */;
			buildPhases = (
				3762F6E52237E39F000CED15 /* Sources */,
				3762F6E62237E39F000CED15 /* Frameworks */,
				3762F6E72237E39F000CED15 /* Resources */,
			);
			buildRules = (
			);
			dependencies = (
				3762F6EB2237E39F000CED15 /* PBXTargetDependency */,
			);
			name = KcalEatenTests;
			productName = KcalEatenTests;
			productReference = 3762F6E92237E39F000CED15 /* KcalEatenTests.xctest */;
			productType = "com.apple.product-type.bundle.unit-test";
		};
/* End PBXNativeTarget section */

/* Begin PBXProject section */
		3762F6CD2237E39D000CED15 /* Project object */ = {
			isa = PBXProject;
			attributes = {
				LastSwiftUpdateCheck = 1010;
				LastUpgradeCheck = 1010;
				ORGANIZATIONNAME = "Gregory De knyf";
				TargetAttributes = {
					3762F6D42237E39D000CED15 = {
						CreatedOnToolsVersion = 10.1;
					};
					3762F6E82237E39F000CED15 = {
						CreatedOnToolsVersion = 10.1;
						LastSwiftMigration = 1010;
						TestTargetID = 3762F6D42237E39D000CED15;
					};
				};
			};
			buildConfigurationList = 3762F6D02237E39D000CED15 /* Build configuration list for PBXProject "KcalEaten" */;
			compatibilityVersion = "Xcode 9.3";
			developmentRegion = en;
			hasScannedForEncodings = 0;
			knownRegions = (
				en,
				Base,
			);
			mainGroup = 3762F6CC2237E39D000CED15;
			productRefGroup = 3762F6D62237E39D000CED15 /* Products */;
			projectDirPath = "";
			projectRoot = "";
			targets = (
				3762F6D42237E39D000CED15 /* KcalEaten */,
				3762F6E82237E39F000CED15 /* KcalEatenTests */,
			);
		};
/* End PBXProject section */

/* Begin PBXResourcesBuildPhase section */
		3762F6D32237E39D000CED15 /* Resources */ = {
			isa = PBXResourcesBuildPhase;
			buildActionMask = 2147483647;
			files = (
				3762F6E32237E39E000CED15 /* LaunchScreen.storyboard in Resources */,
				3762F6E02237E39E000CED15 /* Assets.xcassets in Resources */,
				3762F6DE2237E39D000CED15 /* Main.storyboard in Resources */,
				37273657223E3E0C003483FD /* PopUp.storyboard in Resources */,
			);
			runOnlyForDeploymentPostprocessing = 0;
		};
		3762F6E72237E39F000CED15 /* Resources */ = {
			isa = PBXResourcesBuildPhase;
			buildActionMask = 2147483647;
			files = (
				3762F71722390240000CED15 /* OpenFoodFactBarCodeKO.json in Resources */,
				3762F70E2238ED5E000CED15 /* OpenFoodFactBarCodeOK.json in Resources */,
			);
			runOnlyForDeploymentPostprocessing = 0;
		};
/* End PBXResourcesBuildPhase section */

/* Begin PBXSourcesBuildPhase section */
		3762F6D12237E39D000CED15 /* Sources */ = {
			isa = PBXSourcesBuildPhase;
			buildActionMask = 2147483647;
			files = (
				3762F7152238FB2C000CED15 /* CustomError.swift in Sources */,
				3727365A223E45A0003483FD /* AddConsommationPopUp.swift in Sources */,
				3762F6D92237E39D000CED15 /* AppDelegate.swift in Sources */,
				37DA929F223D85C000F3DFED /* BarCodeController.swift in Sources */,
				3762F71922396707000CED15 /* Consume.swift in Sources */,
				3762F6FF2237EE4B000CED15 /* OpenFoodFactDecodable.swift in Sources */,
				3762F7082238401E000CED15 /* KcalEaten.xcdatamodeld in Sources */,
				3727365E223E7BEE003483FD /* CustomPopUp.swift in Sources */,
				3727365C223E5031003483FD /* Constants.swift in Sources */,
				376613D32242A10400DA35E6 /* Extensions.swift in Sources */,
				3762F70322380906000CED15 /* CameraController.swift in Sources */,
				376613CF2240CFD900DA35E6 /* ShowProductCollectionController.swift in Sources */,
				378E3DED223A43FA005CB0D6 /* CoreDataHelper.swift in Sources */,
				376613D52242AB3100DA35E6 /* ConsumeCell.swift in Sources */,
				3762F6FD2237E9E7000CED15 /* OpenFoodFactService.swift in Sources */,
				3762F70A223841DC000CED15 /* ProductObject.swift in Sources */,
				37EF2754223FE00E0045CD53 /* ProductLayout.swift in Sources */,
				376613D12240FFBA00DA35E6 /* Protocols.swift in Sources */,
				37DA92A1223D868E00F3DFED /* ScannerPageController.swift in Sources */,
				37EF275A223FF4380045CD53 /* ProductCell.swift in Sources */,
				37273660223EBF62003483FD /* CustomButton.swift in Sources */,
				37EF2756223FE90E0045CD53 /* FavoriteController.swift in Sources */,
				376613D72243904C00DA35E6 /* VerticalAligneLabel.swift in Sources */,
				378DCB95224134D2008C835C /* ConsumeController.swift in Sources */,
			);
			runOnlyForDeploymentPostprocessing = 0;
		};
		3762F6E52237E39F000CED15 /* Sources */ = {
			isa = PBXSourcesBuildPhase;
			buildActionMask = 2147483647;
			files = (
				378E79B1223AE5BC00A41E11 /* CoreDataTest.swift in Sources */,
				3762F70C2238ECC3000CED15 /* OpenFoodFactServiceTest.swift in Sources */,
				3762F7102238ED72000CED15 /* FakeResponseData.swift in Sources */,
				3762F7122238EFD8000CED15 /* UrlSessionFake.swift in Sources */,
			);
			runOnlyForDeploymentPostprocessing = 0;
		};
/* End PBXSourcesBuildPhase section */

/* Begin PBXTargetDependency section */
		3762F6EB2237E39F000CED15 /* PBXTargetDependency */ = {
			isa = PBXTargetDependency;
			target = 3762F6D42237E39D000CED15 /* KcalEaten */;
			targetProxy = 3762F6EA2237E39F000CED15 /* PBXContainerItemProxy */;
		};
/* End PBXTargetDependency section */

/* Begin PBXVariantGroup section */
		3762F6DC2237E39D000CED15 /* Main.storyboard */ = {
			isa = PBXVariantGroup;
			children = (
				3762F6DD2237E39D000CED15 /* Base */,
			);
			name = Main.storyboard;
			sourceTree = "<group>";
		};
		3762F6E12237E39E000CED15 /* LaunchScreen.storyboard */ = {
			isa = PBXVariantGroup;
			children = (
				3762F6E22237E39E000CED15 /* Base */,
			);
			name = LaunchScreen.storyboard;
			sourceTree = "<group>";
		};
/* End PBXVariantGroup section */

/* Begin XCBuildConfiguration section */
		3762F6F02237E39F000CED15 /* Debug */ = {
			isa = XCBuildConfiguration;
			buildSettings = {
				ALWAYS_SEARCH_USER_PATHS = NO;
				CLANG_ANALYZER_NONNULL = YES;
				CLANG_ANALYZER_NUMBER_OBJECT_CONVERSION = YES_AGGRESSIVE;
				CLANG_CXX_LANGUAGE_STANDARD = "gnu++14";
				CLANG_CXX_LIBRARY = "libc++";
				CLANG_ENABLE_MODULES = YES;
				CLANG_ENABLE_OBJC_ARC = YES;
				CLANG_ENABLE_OBJC_WEAK = YES;
				CLANG_WARN_BLOCK_CAPTURE_AUTORELEASING = YES;
				CLANG_WARN_BOOL_CONVERSION = YES;
				CLANG_WARN_COMMA = YES;
				CLANG_WARN_CONSTANT_CONVERSION = YES;
				CLANG_WARN_DEPRECATED_OBJC_IMPLEMENTATIONS = YES;
				CLANG_WARN_DIRECT_OBJC_ISA_USAGE = YES_ERROR;
				CLANG_WARN_DOCUMENTATION_COMMENTS = YES;
				CLANG_WARN_EMPTY_BODY = YES;
				CLANG_WARN_ENUM_CONVERSION = YES;
				CLANG_WARN_INFINITE_RECURSION = YES;
				CLANG_WARN_INT_CONVERSION = YES;
				CLANG_WARN_NON_LITERAL_NULL_CONVERSION = YES;
				CLANG_WARN_OBJC_IMPLICIT_RETAIN_SELF = YES;
				CLANG_WARN_OBJC_LITERAL_CONVERSION = YES;
				CLANG_WARN_OBJC_ROOT_CLASS = YES_ERROR;
				CLANG_WARN_RANGE_LOOP_ANALYSIS = YES;
				CLANG_WARN_STRICT_PROTOTYPES = YES;
				CLANG_WARN_SUSPICIOUS_MOVE = YES;
				CLANG_WARN_UNGUARDED_AVAILABILITY = YES_AGGRESSIVE;
				CLANG_WARN_UNREACHABLE_CODE = YES;
				CLANG_WARN__DUPLICATE_METHOD_MATCH = YES;
				CODE_SIGN_IDENTITY = "iPhone Developer";
				COPY_PHASE_STRIP = NO;
				DEBUG_INFORMATION_FORMAT = dwarf;
				ENABLE_STRICT_OBJC_MSGSEND = YES;
				ENABLE_TESTABILITY = YES;
				GCC_C_LANGUAGE_STANDARD = gnu11;
				GCC_DYNAMIC_NO_PIC = NO;
				GCC_NO_COMMON_BLOCKS = YES;
				GCC_OPTIMIZATION_LEVEL = 0;
				GCC_PREPROCESSOR_DEFINITIONS = (
					"DEBUG=1",
					"$(inherited)",
				);
				GCC_WARN_64_TO_32_BIT_CONVERSION = YES;
				GCC_WARN_ABOUT_RETURN_TYPE = YES_ERROR;
				GCC_WARN_UNDECLARED_SELECTOR = YES;
				GCC_WARN_UNINITIALIZED_AUTOS = YES_AGGRESSIVE;
				GCC_WARN_UNUSED_FUNCTION = YES;
				GCC_WARN_UNUSED_VARIABLE = YES;
				IPHONEOS_DEPLOYMENT_TARGET = 12.1;
				MTL_ENABLE_DEBUG_INFO = INCLUDE_SOURCE;
				MTL_FAST_MATH = YES;
				ONLY_ACTIVE_ARCH = YES;
				SDKROOT = iphoneos;
				SWIFT_ACTIVE_COMPILATION_CONDITIONS = DEBUG;
				SWIFT_OPTIMIZATION_LEVEL = "-Onone";
			};
			name = Debug;
		};
		3762F6F12237E39F000CED15 /* Release */ = {
			isa = XCBuildConfiguration;
			buildSettings = {
				ALWAYS_SEARCH_USER_PATHS = NO;
				CLANG_ANALYZER_NONNULL = YES;
				CLANG_ANALYZER_NUMBER_OBJECT_CONVERSION = YES_AGGRESSIVE;
				CLANG_CXX_LANGUAGE_STANDARD = "gnu++14";
				CLANG_CXX_LIBRARY = "libc++";
				CLANG_ENABLE_MODULES = YES;
				CLANG_ENABLE_OBJC_ARC = YES;
				CLANG_ENABLE_OBJC_WEAK = YES;
				CLANG_WARN_BLOCK_CAPTURE_AUTORELEASING = YES;
				CLANG_WARN_BOOL_CONVERSION = YES;
				CLANG_WARN_COMMA = YES;
				CLANG_WARN_CONSTANT_CONVERSION = YES;
				CLANG_WARN_DEPRECATED_OBJC_IMPLEMENTATIONS = YES;
				CLANG_WARN_DIRECT_OBJC_ISA_USAGE = YES_ERROR;
				CLANG_WARN_DOCUMENTATION_COMMENTS = YES;
				CLANG_WARN_EMPTY_BODY = YES;
				CLANG_WARN_ENUM_CONVERSION = YES;
				CLANG_WARN_INFINITE_RECURSION = YES;
				CLANG_WARN_INT_CONVERSION = YES;
				CLANG_WARN_NON_LITERAL_NULL_CONVERSION = YES;
				CLANG_WARN_OBJC_IMPLICIT_RETAIN_SELF = YES;
				CLANG_WARN_OBJC_LITERAL_CONVERSION = YES;
				CLANG_WARN_OBJC_ROOT_CLASS = YES_ERROR;
				CLANG_WARN_RANGE_LOOP_ANALYSIS = YES;
				CLANG_WARN_STRICT_PROTOTYPES = YES;
				CLANG_WARN_SUSPICIOUS_MOVE = YES;
				CLANG_WARN_UNGUARDED_AVAILABILITY = YES_AGGRESSIVE;
				CLANG_WARN_UNREACHABLE_CODE = YES;
				CLANG_WARN__DUPLICATE_METHOD_MATCH = YES;
				CODE_SIGN_IDENTITY = "iPhone Developer";
				COPY_PHASE_STRIP = NO;
				DEBUG_INFORMATION_FORMAT = "dwarf-with-dsym";
				ENABLE_NS_ASSERTIONS = NO;
				ENABLE_STRICT_OBJC_MSGSEND = YES;
				GCC_C_LANGUAGE_STANDARD = gnu11;
				GCC_NO_COMMON_BLOCKS = YES;
				GCC_WARN_64_TO_32_BIT_CONVERSION = YES;
				GCC_WARN_ABOUT_RETURN_TYPE = YES_ERROR;
				GCC_WARN_UNDECLARED_SELECTOR = YES;
				GCC_WARN_UNINITIALIZED_AUTOS = YES_AGGRESSIVE;
				GCC_WARN_UNUSED_FUNCTION = YES;
				GCC_WARN_UNUSED_VARIABLE = YES;
				IPHONEOS_DEPLOYMENT_TARGET = 12.1;
				MTL_ENABLE_DEBUG_INFO = NO;
				MTL_FAST_MATH = YES;
				SDKROOT = iphoneos;
				SWIFT_COMPILATION_MODE = wholemodule;
				SWIFT_OPTIMIZATION_LEVEL = "-O";
				VALIDATE_PRODUCT = YES;
			};
			name = Release;
		};
		3762F6F32237E39F000CED15 /* Debug */ = {
			isa = XCBuildConfiguration;
			buildSettings = {
				ASSETCATALOG_COMPILER_APPICON_NAME = AppIcon;
				CODE_SIGN_STYLE = Automatic;
				DEVELOPMENT_TEAM = F8XBDV79J6;
				INFOPLIST_FILE = "$(SRCROOT)/KcalEaten/SupportingFiles/Info.plist";
				LD_RUNPATH_SEARCH_PATHS = (
					"$(inherited)",
					"@executable_path/Frameworks",
				);
				PRODUCT_BUNDLE_IDENTIFIER = com.gregorydeknyf.KcalEaten;
				PRODUCT_NAME = "$(TARGET_NAME)";
				SWIFT_VERSION = 4.2;
				TARGETED_DEVICE_FAMILY = 1;
			};
			name = Debug;
		};
		3762F6F42237E39F000CED15 /* Release */ = {
			isa = XCBuildConfiguration;
			buildSettings = {
				ASSETCATALOG_COMPILER_APPICON_NAME = AppIcon;
				CODE_SIGN_STYLE = Automatic;
				DEVELOPMENT_TEAM = F8XBDV79J6;
				INFOPLIST_FILE = "$(SRCROOT)/KcalEaten/SupportingFiles/Info.plist";
				LD_RUNPATH_SEARCH_PATHS = (
					"$(inherited)",
					"@executable_path/Frameworks",
				);
				PRODUCT_BUNDLE_IDENTIFIER = com.gregorydeknyf.KcalEaten;
				PRODUCT_NAME = "$(TARGET_NAME)";
				SWIFT_VERSION = 4.2;
				TARGETED_DEVICE_FAMILY = 1;
			};
			name = Release;
		};
		3762F6F62237E39F000CED15 /* Debug */ = {
			isa = XCBuildConfiguration;
			buildSettings = {
				ALWAYS_EMBED_SWIFT_STANDARD_LIBRARIES = YES;
				BUNDLE_LOADER = "$(TEST_HOST)";
				CLANG_ENABLE_MODULES = YES;
				CODE_SIGN_STYLE = Automatic;
				DEVELOPMENT_TEAM = F8XBDV79J6;
				INFOPLIST_FILE = KcalEatenTests/Info.plist;
				LD_RUNPATH_SEARCH_PATHS = (
					"$(inherited)",
					"@executable_path/Frameworks",
					"@loader_path/Frameworks",
				);
				PRODUCT_BUNDLE_IDENTIFIER = com.gregorydeknyf.KcalEatenTests;
				PRODUCT_NAME = "$(TARGET_NAME)";
				SWIFT_OPTIMIZATION_LEVEL = "-Onone";
				SWIFT_VERSION = 4.2;
				TARGETED_DEVICE_FAMILY = "1,2";
				TEST_HOST = "$(BUILT_PRODUCTS_DIR)/KcalEaten.app/KcalEaten";
			};
			name = Debug;
		};
		3762F6F72237E39F000CED15 /* Release */ = {
			isa = XCBuildConfiguration;
			buildSettings = {
				ALWAYS_EMBED_SWIFT_STANDARD_LIBRARIES = YES;
				BUNDLE_LOADER = "$(TEST_HOST)";
				CLANG_ENABLE_MODULES = YES;
				CODE_SIGN_STYLE = Automatic;
				DEVELOPMENT_TEAM = F8XBDV79J6;
				INFOPLIST_FILE = KcalEatenTests/Info.plist;
				LD_RUNPATH_SEARCH_PATHS = (
					"$(inherited)",
					"@executable_path/Frameworks",
					"@loader_path/Frameworks",
				);
				PRODUCT_BUNDLE_IDENTIFIER = com.gregorydeknyf.KcalEatenTests;
				PRODUCT_NAME = "$(TARGET_NAME)";
				SWIFT_VERSION = 4.2;
				TARGETED_DEVICE_FAMILY = "1,2";
				TEST_HOST = "$(BUILT_PRODUCTS_DIR)/KcalEaten.app/KcalEaten";
			};
			name = Release;
		};
/* End XCBuildConfiguration section */

/* Begin XCConfigurationList section */
		3762F6D02237E39D000CED15 /* Build configuration list for PBXProject "KcalEaten" */ = {
			isa = XCConfigurationList;
			buildConfigurations = (
				3762F6F02237E39F000CED15 /* Debug */,
				3762F6F12237E39F000CED15 /* Release */,
			);
			defaultConfigurationIsVisible = 0;
			defaultConfigurationName = Release;
		};
		3762F6F22237E39F000CED15 /* Build configuration list for PBXNativeTarget "KcalEaten" */ = {
			isa = XCConfigurationList;
			buildConfigurations = (
				3762F6F32237E39F000CED15 /* Debug */,
				3762F6F42237E39F000CED15 /* Release */,
			);
			defaultConfigurationIsVisible = 0;
			defaultConfigurationName = Release;
		};
		3762F6F52237E39F000CED15 /* Build configuration list for PBXNativeTarget "KcalEatenTests" */ = {
			isa = XCConfigurationList;
			buildConfigurations = (
				3762F6F62237E39F000CED15 /* Debug */,
				3762F6F72237E39F000CED15 /* Release */,
			);
			defaultConfigurationIsVisible = 0;
			defaultConfigurationName = Release;
		};
/* End XCConfigurationList section */

/* Begin XCVersionGroup section */
		3762F7062238401E000CED15 /* KcalEaten.xcdatamodeld */ = {
			isa = XCVersionGroup;
			children = (
				3762F7072238401E000CED15 /* KcalEaten.xcdatamodel */,
			);
			currentVersion = 3762F7072238401E000CED15 /* KcalEaten.xcdatamodel */;
			path = KcalEaten.xcdatamodeld;
			sourceTree = "<group>";
			versionGroupType = wrapper.xcdatamodel;
		};
/* End XCVersionGroup section */
	};
	rootObject = 3762F6CD2237E39D000CED15 /* Project object */;
}
